class:
  ==: Class
  id: df8c9655-bea7-4fb5-9d68-bf49041a4026
  name: Warlock
  sub-classes:
    - ==: SubClass
      id: c51b1471-fc09-454d-bbe1-46060e0beb8a
      name: Archfey
      features:
        "1":
          - ==: ClassFeature
            name: Fey Presence
            description: Your patron bestows upon you the ability to project the beguiling
              and fearsome presence of the fey. As an action, you can cause each
              creature in a 10 foot cube originating from you to make a Wisdom
              saving throw against your warlock spell save DC. The creatures
              that fail their saving throws are all charmed or frightened (your
              choice) until the end of your next turn. Once you use this
              feature, you can't use it again until you finish a short or long
              rest.
        "6":
          - ==: ClassFeature
            name: Misty Escape
            description: "You can vanish in a puff of mist in response to harm. When you
              take damage you can use your reaction to turn invisible and
              teleport up to 60 feet to an unoccupied space you can see. You
              remain invisible until the start of your next turn or until you
              attack or cast a spell. Once you use this feature, you can't use
              it again until you finish a short or long rest. "
      icon:
        ==: org.bukkit.inventory.ItemStack
        v: 3337
        type: BLACK_BANNER
        meta:
          ==: ItemMeta
          meta-type: BANNER
          patterns:
            - ==: Pattern
              color: BLUE
              pattern: sku
            - ==: Pattern
              color: LIGHT_BLUE
              pattern: cre
            - ==: Pattern
              color: BLACK
              pattern: sc
            - ==: Pattern
              color: BLACK
              pattern: cr
            - ==: Pattern
              color: WHITE
              pattern: mc
    - ==: SubClass
      id: 421b0a61-118d-4ce6-ba70-8b8d6a392c0f
      name: Celestial
      features:
        "1":
          - ==: ClassFeature
            name: Bonus Cantrips
            description: You learn the Light and Sacred Flame cantrips, they count as
              warlock cantrips for you, but they don't count against your number
              of cantrips known.
          - ==: ClassFeature
            name: Healing Light
            description: >-
              You gain the ability to channel celestial energy to heal wounds.
              you have a pool of d6's that you spend to fuel this healing. The
              number of dice in the pool equals 1 + your warlock level 
               As a bonus action, you can heal one creature you can see within 60 feet of you, spending dice from the pool. The maximum number of dice you can spend at once equals your Charisma modifier (minimum of one die). Roll the dice you spend, add them together,  and restore a number of hit points equal to the total. 
               Your pool regains all expended dice when you finish a long rest.
        "6":
          - ==: ClassFeature
            name: Radiant Soul
            description: "Your link to the Celestial allows you to serve as a conduit for
              radiant energy. You have resistance to Radiant damage, and when
              you cast a spell that deals radiant or fire damage, you add your
              charisma modifer to one radiant or fire damage roll of that spell
              agaisnt one of its targets. "
      icon:
        ==: org.bukkit.inventory.ItemStack
        v: 3337
        type: GRAY_BANNER
        meta:
          ==: ItemMeta
          meta-type: BANNER
          patterns:
            - ==: Pattern
              color: PURPLE
              pattern: gra
            - ==: Pattern
              color: WHITE
              pattern: drs
            - ==: Pattern
              color: CYAN
              pattern: mr
            - ==: Pattern
              color: WHITE
              pattern: dls
            - ==: Pattern
              color: CYAN
              pattern: mc
            - ==: Pattern
              color: WHITE
              pattern: cbo
    - ==: SubClass
      id: 60c655e8-97e7-468e-8b1c-0650f2dda1f5
      name: Fathomless
      features:
        "1":
          - ==: ClassFeature
            name: Tentacle of the deep
            description: >-
              You can magically summon a spectral tentacle that strikes at your
              foes. As a bonus action, you create a 10-foot-long tentacle at a
              point you can see within 60 feet of you. The tentacle lasts for 1
              minute or until you use this feature to create another tentacle 
               When you create the tentacle, you can make a melee spell attack against one creature within 10 feet of it. On a hit, the target takes 1d8 cold damage, and its speed is reduced by 10 feet until the start of your next turn. When you reach 10th level in this class the damage increases to 2d8 
               As a Bonus action on your turn, you can move the tentacle up to 30 feet and repeat the attack. 
               You can summon the tentacle a number of times equal to your proficiency bonus, and you regain all expended uses on the completion of a long rest. 
          - ==: ClassFeature
            name: Gift of the Sea
            description: You gain a swim speed of 40 feet, and you can breathe underwater.
        "6":
          - ==: ClassFeature
            name: Oceanic Soul
            description: You are now even more at home in the Depths. You gain resistance to
              cold damage. In addition, when youare fully submerged, any
              creature that is also fully submerged can understand your speech
              and you can understand theirs.
          - ==: ClassFeature
            name: Guardian Coil
            description: Your Tentacle of the Deeps can defend you and others, interposing
              itself between them and harm. When you or a creature you can see
              takes damage while within 10 feet of the tentacle, you can use
              your reaction to choose one of those creatures and reduce the
              damage to that creature by 1d8. When you reach 10th level in this
              class, the damage reduced by the tentacle increases to 2d8.
      icon:
        ==: org.bukkit.inventory.ItemStack
        v: 3337
        type: LIGHT_BLUE_BANNER
        meta:
          ==: ItemMeta
          meta-type: BANNER
          patterns:
            - ==: Pattern
              color: GRAY
              pattern: mr
            - ==: Pattern
              color: LIGHT_BLUE
              pattern: mc
            - ==: Pattern
              color: BROWN
              pattern: sc
            - ==: Pattern
              color: WHITE
              pattern: tr
            - ==: Pattern
              color: BROWN
              pattern: hhb
            - ==: Pattern
              color: LIGHT_BLUE
              pattern: cbo
            - ==: Pattern
              color: BLUE
              pattern: bs
    - ==: SubClass
      id: 4d949df7-d627-4be3-b920-a76d62b72d04
      name: Fiend
      features:
        "1":
          - ==: ClassFeature
            name: Dark One's Blessing
            description: When you reduce a hostile creature to 0 hit points, you gain
              temporary hit points equal to your charisma modifer + your warlock
              level (minimum of 1)
        "6":
          - ==: ClassFeature
            name: Dark One's Own Luck
            description: >-
              You can call on your patron to alter fate in your favor. When you
              make an ability check or saving throw, you can use this feature to
              add a d10 to your roll. You can do so after seeing the initial
              roll but before any of the rolls effects occur. 
               Once you use this feature, you can't use it again until you finish a short or long rest.
      icon:
        ==: org.bukkit.inventory.ItemStack
        v: 3337
        type: ORANGE_BANNER
        meta:
          ==: ItemMeta
          meta-type: BANNER
          patterns:
            - ==: Pattern
              color: YELLOW
              pattern: gru
            - ==: Pattern
              color: RED
              pattern: gra
            - ==: Pattern
              color: RED
              pattern: bo
            - ==: Pattern
              color: RED
              pattern: sku
            - ==: Pattern
              color: RED
              pattern: cbo
    - ==: SubClass
      id: abd56abd-6752-447b-91d5-5fd1b7883a52
      name: Undead
      features:
        "1":
          - ==: ClassFeature
            name: Form of Dread
            description: >-
              You manifest an aspect of your patron's dreadful power. As a bonus
              action, you transform for 1 minute. You gain the following
              benefits while transformed: 
               You gain temporary hit points equal to 1d10 + your warlock level. 
               Once during each of your turns when you hit a creature with an attack, you can force it to make a Wisdom saving throw, and if the saving throw fails, the target is frightend of you until the end of your next turn. 
               You are immune to the frightened condition 
               You can transform a number of times equal to your proficiency bonus and you regain all expended uses when you finish a long rest. 
               The apperance of your Form of Dread reflects some aspect of your patron. 
        "6":
          - ==: ClassFeature
            name: Grave Touched
            description: >-
              Your patrons powers have a profound effect on your body and magic.
              You don't need to eat, drink or breathe 
               In addition, once during each of your turns, when you hit a creature with an attack roll and roll damage against hte creature, you can replace the damage type with necrotic damage. While you are using your form of dread, you can reroll one additional damage die when determining the necrotic damage the target takes.
      icon:
        ==: org.bukkit.inventory.ItemStack
        v: 3337
        type: BLACK_BANNER
        meta:
          ==: ItemMeta
          meta-type: BANNER
          patterns:
            - ==: Pattern
              color: GREEN
              pattern: sku
            - ==: Pattern
              color: CYAN
              pattern: cre
            - ==: Pattern
              color: BLACK
              pattern: ls
            - ==: Pattern
              color: BLACK
              pattern: rs
    - ==: SubClass
      id: 8273c3e0-040c-4d44-906b-2eeee99a5498
      name: Undying
      features:
        "1":
          - ==: ClassFeature
            name: Among the Dead
            description: >-
              You learn the Spare the Dying cantrip which counts as a warlock
              cantrip for you.  You also have advantage on saving throws against
              any disease. 
               Additionally, undead have difficulty harming you. If an undead targets you directly with an attack or a harmful spell, that creature must make a Wisdom saving throw against your spell save DC (an undead needn't make the save when it includes you in an area effect such as the explosion of a fireball). On a failed save, the creature must choose a new target or forgeit targeting someone instead of you, potentially wasting the attack or spell. On a successful save, the creature is immune to this effect for 24 hours. An undead is also immune to this effect for 24 hours if you target it with an attack or harmful spell
        "6":
          - ==: ClassFeature
            name: Defy Death
            description: >-
              You can give yourself vitality when you cheat death or when you
              help someone else cheat it. You can regain hit points equal to
              1d8+ your constitution modifier (minimum of 1) when you succeed on
              a death saving throw or when you stabilize a creature with Spare
              the Dying 
               Once you use this feature, you can't use it again until you finish a long rest.
      icon:
        ==: org.bukkit.inventory.ItemStack
        v: 3337
        type: RED_BANNER
        meta:
          ==: ItemMeta
          meta-type: BANNER
          patterns:
            - ==: Pattern
              color: BLACK
              pattern: gra
            - ==: Pattern
              color: BLACK
              pattern: sku
            - ==: Pattern
              color: BLACK
              pattern: tts
            - ==: Pattern
              color: BLACK
              pattern: bts
  sub-class-selection-level: 1
  skull-texture: eyJ0ZXh0dXJlcyI6eyJTS0lOIjp7InVybCI6Imh0dHA6Ly90ZXh0dXJlcy5taW5lY3JhZnQubmV0L3RleHR1cmUvOWY4ZTRmMjAwOTc4NWFiNzE1MjYxZWEzODZhYmQxMjkyNmRlOGE3OWQ0MWI1NmIyMDUyMjUxMTNiMjYyZDNmYiJ9fX0=
  base-hp: 8
  features:
    "1":
      - name: Pact Magic
        description: >-
          You know 2 cantrips of your choice from the warlock spell list. You
          learn additional warlock cantrips of your choice at higher levels as
          shown in the Cantrips known column of the Warlock Table. 
           The warlock table shows how many spell slots you have. The table also shows what the level of those slots is; all of your spell slots are the same level. To cast one of your warlock spells of 1st level or higher, you must expend the spell slot. You regain all expended spell slots when you finish a short or long rest. 
           you know 2 1st level spells of your choice from the warloc kspell list. The Spells Known Column of the Warlock Table shows when you learn more warlock spells of your choice at 1st level or higher. A spell you choose must be of a level no higher than what is shown in the table's slot level column for your level. 
      - name: Otherworldy Patron
        description: >-
          You have struck a bargain with an otherwordly being of your choice,
          determining your subclass, your choice grants you features at 1st
          level and again at 6th, 10th and 14th level. 
           Part of these features are bonus spells you get according to the tables found in the respective sub-class pages. These bonus spells count as spells you can cast, but don't count towards your total number of spells known. 
    "2":
      - name: Eldritch Invocations
        description: >-
          In your study of Occult lore, you have unearthed eldritch invocations,
          fragments of forbidden knowledge that imbue you with an abiding
          magical ability. 
           You gain 2 eldritch invocations of your choice. When you gain certain warlock levels, you gain additional invocations of your choice as shown in the Invocations known Column of the Warlock Table. A level prerequisite in an invocaiton refers to your warlock level, not Character level.
    "3":
      - name: Pact Boon
        description: >-
          Your otherworldy patron bestows a gift upon you for your loyal
          service. You gain one of the following features of your choice. 
           Pact of the Blade: 
           You can use your action to create a pact weapon in your empty hand. You can choose the form that this melee weapon takes each time you create it. You are proficient with it while you wield it. This weapon counts as magical for the purposes of overcoming resistance and immunity to nonmagical attacks and damage. Your pact weapon disappears if it is more than 5 feet away from you for 1 minute or more. It also disappears if you use this feature again, if you dismiss the weapon (no action required), or if yo u die. 
           You can transform one magic weapon into your pact weapon by performing a special ritual while you hold the weapon. You perform the ritual over the course of 1 hour which, which can be done during a short weapon. You can then dismiss the weapon, shunting it into an extradimensional space, and it appears whenever you create your pact weapon thereafter. You can't affect an artifact or sentient weapon this way. The weapon ceases being your pact weapon if you die, if you perform the 1 hour ritual on a different weapon, or you use an 1 hour ritual to break your bond to it. The weapon appears at your feet if it is in the extradimensional space when the bond breaks 
           Pact of the Chain 
           You learn the find familiar spell and can cast it as a ritual. The spell doesn't count against your spells known. When you cast the spell, you can choose one of the normal forms for your familiar or one of the following special forms: Imp, pseudodragon, Quasit, or Sprite 
           Additionally when you take the attack action, you can forgo one of your own attacks to allow your familiar to use its reaction to make one attack of its own. 
           Pact of the talisman 
           Your patron gives you an amulet, a talisman that can aid the wearer when the need is great. When the wearer fails an ability check, they can add a d4 to the roll, potentially turning the roll into a success. This benefit can be used a number of times equal to your proficiency bonus, and all expended uses are restored when you finish a long rest. If you loose the talisman you can perform a 1 hour Ceremony to recieve a replacement from your patron. This ceremony can be performed during a short or long rest, and it destroys the previous amulet, The talisman turns to ash when you die. 
           Pact of the Tome 
           Your patron gives you a grimoire called a Book of Shadows. When you gain this feature, choose three cantrips from any classes spell list. While the book is on your person, you can cast those cantrips at will. They are considered warlock spells for you, and they need not be from the same spell list. They don't count against your number of cantrips known. If you loose your book of shadows you can perform a 1 hour ceremony to recieve a replacement from your patron. This ceremony can be performed during a short or long rest, and it destroys the previous book. The book turns to ash when you die
